
Microsoft Visual Studio Solution File, Format Version 12.00
# Visual Studio Version 17
VisualStudioVersion = 17.2.32516.85
MinimumVisualStudioVersion = 10.0.40219.1
Project("{FAE04EC0-301F-11D3-BF4B-00C04F79EFBC}") = "Test_CreateShapefile", "Test_CreateShapefile.csproj", "{1E60FA82-DD3A-457A-8AC6-8C8C27450146}"
EndProject
Global
	GlobalSection(SolutionConfigurationPlatforms) = preSolution
		Debug|Any CPU = Debug|Any CPU
		Release|Any CPU = Release|Any CPU
	EndGlobalSection
	GlobalSection(ProjectConfigurationPlatforms) = postSolution
		{1E60FA82-DD3A-457A-8AC6-8C8C27450146}.Debug|Any CPU.ActiveCfg = Debug|Any CPU
		{1E60FA82-DD3A-457A-8AC6-8C8C27450146}.Debug|Any CPU.Build.0 = Debug|Any CPU
		{1E60FA82-DD3A-457A-8AC6-8C8C27450146}.Release|Any CPU.ActiveCfg = Release|Any CPU
		{1E60FA82-DD3A-457A-8AC6-8C8C27450146}.Release|Any CPU.Build.0 = Release|Any CPU
	EndGlobalSection
	GlobalSection(SolutionProperties) = preSolution
		HideSolutionNode = FALSE
	EndGlobalSection
	GlobalSection(ExtensibilityGlobals) = postSolution
		SolutionGuid = {D35795E6-1B78-4393-B361-13B8FFB46762}
	EndGlobalSection
EndGlobal
